// !$*UTF8*$!
{
	archiveVersion = 1;
	classes = {
	};
	objectVersion = 56;
	objects = {

/* Begin PBXBuildFile section */
		239803D129DB25D4001D1FF4 /* Beer.swift in Sources */ = {isa = PBXBuildFile; fileRef = 239803D029DB25D4001D1FF4 /* Beer.swift */; };
		239803D329DB2650001D1FF4 /* BeerSearchDataProvider.swift in Sources */ = {isa = PBXBuildFile; fileRef = 239803D229DB2650001D1FF4 /* BeerSearchDataProvider.swift */; };
		239803D729DB2695001D1FF4 /* Constants.swift in Sources */ = {isa = PBXBuildFile; fileRef = 239803D629DB2695001D1FF4 /* Constants.swift */; };
		239803D929DB27B0001D1FF4 /* NetworkError.swift in Sources */ = {isa = PBXBuildFile; fileRef = 239803D829DB27B0001D1FF4 /* NetworkError.swift */; };
		23A1495129E5C43300532E00 /* BeerToSave.swift in Sources */ = {isa = PBXBuildFile; fileRef = 23A1495029E5C43300532E00 /* BeerToSave.swift */; };
		23A95DF229D4913D00B6CEF0 /* AppDelegate.swift in Sources */ = {isa = PBXBuildFile; fileRef = 23A95DF129D4913D00B6CEF0 /* AppDelegate.swift */; };
		23A95DF429D4913D00B6CEF0 /* SceneDelegate.swift in Sources */ = {isa = PBXBuildFile; fileRef = 23A95DF329D4913D00B6CEF0 /* SceneDelegate.swift */; };
		23A95DF929D4913D00B6CEF0 /* Main.storyboard in Resources */ = {isa = PBXBuildFile; fileRef = 23A95DF729D4913D00B6CEF0 /* Main.storyboard */; };
		23A95DFB29D4913E00B6CEF0 /* Assets.xcassets in Resources */ = {isa = PBXBuildFile; fileRef = 23A95DFA29D4913E00B6CEF0 /* Assets.xcassets */; };
		23A95DFE29D4913E00B6CEF0 /* LaunchScreen.storyboard in Resources */ = {isa = PBXBuildFile; fileRef = 23A95DFC29D4913E00B6CEF0 /* LaunchScreen.storyboard */; };
		23BD864F29E464AE00A14649 /* SignInViewModel.swift in Sources */ = {isa = PBXBuildFile; fileRef = 23BD864E29E464AE00A14649 /* SignInViewModel.swift */; };
		23BD865129E469AE00A14649 /* SignInViewController.swift in Sources */ = {isa = PBXBuildFile; fileRef = 23BD865029E469AE00A14649 /* SignInViewController.swift */; };
		23BD865429E469F000A14649 /* CreateAccountViewController.swift in Sources */ = {isa = PBXBuildFile; fileRef = 23BD865329E469F000A14649 /* CreateAccountViewController.swift */; };
		23BD865629E469FD00A14649 /* CreateAccountViewModel.swift in Sources */ = {isa = PBXBuildFile; fileRef = 23BD865529E469FD00A14649 /* CreateAccountViewModel.swift */; };
		23BD865929E472A700A14649 /* FirebaseFirestore in Frameworks */ = {isa = PBXBuildFile; productRef = 23BD865829E472A700A14649 /* FirebaseFirestore */; };
		23BD865E29E499B400A14649 /* GlossaryViewController.swift in Sources */ = {isa = PBXBuildFile; fileRef = 23BD865D29E499B400A14649 /* GlossaryViewController.swift */; };
		23BD866229E4A12900A14649 /* FavoriteRecipesTableViewController.swift in Sources */ = {isa = PBXBuildFile; fileRef = 23BD866129E4A12900A14649 /* FavoriteRecipesTableViewController.swift */; };
		23BD866429E4A37800A14649 /* FirebaseService.swift in Sources */ = {isa = PBXBuildFile; fileRef = 23BD866329E4A37800A14649 /* FirebaseService.swift */; };
		23C84B3229DF5D6B00887146 /* GoogleService-Info.plist in Resources */ = {isa = PBXBuildFile; fileRef = 23C84B3129DF5D6B00887146 /* GoogleService-Info.plist */; };
		23C84B3629DF5F7A00887146 /* FirebaseAuth in Frameworks */ = {isa = PBXBuildFile; productRef = 23C84B3529DF5F7A00887146 /* FirebaseAuth */; };
		23FCBA0E29DC795D00043C74 /* API Service.swift in Sources */ = {isa = PBXBuildFile; fileRef = 23FCBA0D29DC795D00043C74 /* API Service.swift */; };
		23FCBA1229DCBF1000043C74 /* BeerIngredientsView.swift in Sources */ = {isa = PBXBuildFile; fileRef = 23FCBA1129DCBF1000043C74 /* BeerIngredientsView.swift */; };
		23FCBA1429DCC4E200043C74 /* IngredientsTableViewCustomCell.swift in Sources */ = {isa = PBXBuildFile; fileRef = 23FCBA1329DCC4E200043C74 /* IngredientsTableViewCustomCell.swift */; };
		23FCBA1629DCD30000043C74 /* IngredientsCollectionViewCustomCell.swift in Sources */ = {isa = PBXBuildFile; fileRef = 23FCBA1529DCD30000043C74 /* IngredientsCollectionViewCustomCell.swift */; };
		23FCBA1829DE095C00043C74 /* SearchBeerViewController.swift in Sources */ = {isa = PBXBuildFile; fileRef = 23FCBA1729DE095C00043C74 /* SearchBeerViewController.swift */; };
		23FCBA1A29DE0BD100043C74 /* SearchBeerViewModel.swift in Sources */ = {isa = PBXBuildFile; fileRef = 23FCBA1929DE0BD100043C74 /* SearchBeerViewModel.swift */; };
		23FCBA1E29DE2AAD00043C74 /* BeerListTableViewCell.swift in Sources */ = {isa = PBXBuildFile; fileRef = 23FCBA1D29DE2AAD00043C74 /* BeerListTableViewCell.swift */; };
		23FCBA2129DF193E00043C74 /* RandomBeerViewController.swift in Sources */ = {isa = PBXBuildFile; fileRef = 23FCBA2029DF193E00043C74 /* RandomBeerViewController.swift */; };
		23FCBA2329DF1EAA00043C74 /* RandomBeerViewModel.swift in Sources */ = {isa = PBXBuildFile; fileRef = 23FCBA2229DF1EAA00043C74 /* RandomBeerViewModel.swift */; };
		23FCBA2529DF252800043C74 /* ServiceRequestingImageView.swift in Sources */ = {isa = PBXBuildFile; fileRef = 23FCBA2429DF252800043C74 /* ServiceRequestingImageView.swift */; };
/* End PBXBuildFile section */

/* Begin PBXFileReference section */
		239803D029DB25D4001D1FF4 /* Beer.swift */ = {isa = PBXFileReference; lastKnownFileType = sourcecode.swift; path = Beer.swift; sourceTree = "<group>"; };
		239803D229DB2650001D1FF4 /* BeerSearchDataProvider.swift */ = {isa = PBXFileReference; lastKnownFileType = sourcecode.swift; path = BeerSearchDataProvider.swift; sourceTree = "<group>"; };
		239803D629DB2695001D1FF4 /* Constants.swift */ = {isa = PBXFileReference; lastKnownFileType = sourcecode.swift; path = Constants.swift; sourceTree = "<group>"; };
		239803D829DB27B0001D1FF4 /* NetworkError.swift */ = {isa = PBXFileReference; lastKnownFileType = sourcecode.swift; path = NetworkError.swift; sourceTree = "<group>"; };
		23A1495029E5C43300532E00 /* BeerToSave.swift */ = {isa = PBXFileReference; lastKnownFileType = sourcecode.swift; path = BeerToSave.swift; sourceTree = "<group>"; };
		23A95DEE29D4913D00B6CEF0 /* NewBrewer.app */ = {isa = PBXFileReference; explicitFileType = wrapper.application; includeInIndex = 0; path = NewBrewer.app; sourceTree = BUILT_PRODUCTS_DIR; };
		23A95DF129D4913D00B6CEF0 /* AppDelegate.swift */ = {isa = PBXFileReference; lastKnownFileType = sourcecode.swift; path = AppDelegate.swift; sourceTree = "<group>"; };
		23A95DF329D4913D00B6CEF0 /* SceneDelegate.swift */ = {isa = PBXFileReference; lastKnownFileType = sourcecode.swift; path = SceneDelegate.swift; sourceTree = "<group>"; };
		23A95DF829D4913D00B6CEF0 /* Base */ = {isa = PBXFileReference; lastKnownFileType = file.storyboard; name = Base; path = Base.lproj/Main.storyboard; sourceTree = "<group>"; };
		23A95DFA29D4913E00B6CEF0 /* Assets.xcassets */ = {isa = PBXFileReference; lastKnownFileType = folder.assetcatalog; path = Assets.xcassets; sourceTree = "<group>"; };
		23A95DFD29D4913E00B6CEF0 /* Base */ = {isa = PBXFileReference; lastKnownFileType = file.storyboard; name = Base; path = Base.lproj/LaunchScreen.storyboard; sourceTree = "<group>"; };
		23A95DFF29D4913E00B6CEF0 /* Info.plist */ = {isa = PBXFileReference; lastKnownFileType = text.plist.xml; path = Info.plist; sourceTree = "<group>"; };
		23BD864E29E464AE00A14649 /* SignInViewModel.swift */ = {isa = PBXFileReference; lastKnownFileType = sourcecode.swift; path = SignInViewModel.swift; sourceTree = "<group>"; };
		23BD865029E469AE00A14649 /* SignInViewController.swift */ = {isa = PBXFileReference; lastKnownFileType = sourcecode.swift; path = SignInViewController.swift; sourceTree = "<group>"; };
		23BD865329E469F000A14649 /* CreateAccountViewController.swift */ = {isa = PBXFileReference; lastKnownFileType = sourcecode.swift; path = CreateAccountViewController.swift; sourceTree = "<group>"; };
		23BD865529E469FD00A14649 /* CreateAccountViewModel.swift */ = {isa = PBXFileReference; lastKnownFileType = sourcecode.swift; path = CreateAccountViewModel.swift; sourceTree = "<group>"; };
		23BD865D29E499B400A14649 /* GlossaryViewController.swift */ = {isa = PBXFileReference; lastKnownFileType = sourcecode.swift; path = GlossaryViewController.swift; sourceTree = "<group>"; };
		23BD866129E4A12900A14649 /* FavoriteRecipesTableViewController.swift */ = {isa = PBXFileReference; lastKnownFileType = sourcecode.swift; path = FavoriteRecipesTableViewController.swift; sourceTree = "<group>"; };
		23BD866329E4A37800A14649 /* FirebaseService.swift */ = {isa = PBXFileReference; lastKnownFileType = sourcecode.swift; path = FirebaseService.swift; sourceTree = "<group>"; };
		23C84B3129DF5D6B00887146 /* GoogleService-Info.plist */ = {isa = PBXFileReference; fileEncoding = 4; lastKnownFileType = text.plist.xml; path = "GoogleService-Info.plist"; sourceTree = "<group>"; };
		23FCBA0D29DC795D00043C74 /* API Service.swift */ = {isa = PBXFileReference; lastKnownFileType = sourcecode.swift; path = "API Service.swift"; sourceTree = "<group>"; };
		23FCBA1129DCBF1000043C74 /* BeerIngredientsView.swift */ = {isa = PBXFileReference; lastKnownFileType = sourcecode.swift; path = BeerIngredientsView.swift; sourceTree = "<group>"; };
		23FCBA1329DCC4E200043C74 /* IngredientsTableViewCustomCell.swift */ = {isa = PBXFileReference; lastKnownFileType = sourcecode.swift; path = IngredientsTableViewCustomCell.swift; sourceTree = "<group>"; };
		23FCBA1529DCD30000043C74 /* IngredientsCollectionViewCustomCell.swift */ = {isa = PBXFileReference; lastKnownFileType = sourcecode.swift; path = IngredientsCollectionViewCustomCell.swift; sourceTree = "<group>"; };
		23FCBA1729DE095C00043C74 /* SearchBeerViewController.swift */ = {isa = PBXFileReference; lastKnownFileType = sourcecode.swift; path = SearchBeerViewController.swift; sourceTree = "<group>"; };
		23FCBA1929DE0BD100043C74 /* SearchBeerViewModel.swift */ = {isa = PBXFileReference; lastKnownFileType = sourcecode.swift; path = SearchBeerViewModel.swift; sourceTree = "<group>"; };
		23FCBA1D29DE2AAD00043C74 /* BeerListTableViewCell.swift */ = {isa = PBXFileReference; lastKnownFileType = sourcecode.swift; path = BeerListTableViewCell.swift; sourceTree = "<group>"; };
		23FCBA2029DF193E00043C74 /* RandomBeerViewController.swift */ = {isa = PBXFileReference; lastKnownFileType = sourcecode.swift; path = RandomBeerViewController.swift; sourceTree = "<group>"; };
		23FCBA2229DF1EAA00043C74 /* RandomBeerViewModel.swift */ = {isa = PBXFileReference; lastKnownFileType = sourcecode.swift; path = RandomBeerViewModel.swift; sourceTree = "<group>"; };
		23FCBA2429DF252800043C74 /* ServiceRequestingImageView.swift */ = {isa = PBXFileReference; lastKnownFileType = sourcecode.swift; path = ServiceRequestingImageView.swift; sourceTree = "<group>"; };
/* End PBXFileReference section */

/* Begin PBXFrameworksBuildPhase section */
		23A95DEB29D4913D00B6CEF0 /* Frameworks */ = {
			isa = PBXFrameworksBuildPhase;
			buildActionMask = 2147483647;
			files = (
				23C84B3629DF5F7A00887146 /* FirebaseAuth in Frameworks */,
				23BD865929E472A700A14649 /* FirebaseFirestore in Frameworks */,
			);
			runOnlyForDeploymentPostprocessing = 0;
		};
/* End PBXFrameworksBuildPhase section */

/* Begin PBXGroup section */
		239803CE29DB23FF001D1FF4 /* SupportingFiles */ = {
			isa = PBXGroup;
			children = (
				23A95DF129D4913D00B6CEF0 /* AppDelegate.swift */,
				23A95DF329D4913D00B6CEF0 /* SceneDelegate.swift */,
				23A95DFA29D4913E00B6CEF0 /* Assets.xcassets */,
				23A95DFF29D4913E00B6CEF0 /* Info.plist */,
			);
			path = SupportingFiles;
			sourceTree = "<group>";
		};
		239803CF29DB25C1001D1FF4 /* Model */ = {
			isa = PBXGroup;
			children = (
				239803D029DB25D4001D1FF4 /* Beer.swift */,
				23A1495029E5C43300532E00 /* BeerToSave.swift */,
			);
			path = Model;
			sourceTree = "<group>";
		};
		239803D429DB2654001D1FF4 /* Networking */ = {
			isa = PBXGroup;
			children = (
				239803D229DB2650001D1FF4 /* BeerSearchDataProvider.swift */,
				23FCBA2429DF252800043C74 /* ServiceRequestingImageView.swift */,
				23FCBA0D29DC795D00043C74 /* API Service.swift */,
				23BD866329E4A37800A14649 /* FirebaseService.swift */,
			);
			path = Networking;
			sourceTree = "<group>";
		};
		239803D529DB2684001D1FF4 /* Helper&Extensions */ = {
			isa = PBXGroup;
			children = (
				239803D629DB2695001D1FF4 /* Constants.swift */,
				239803D829DB27B0001D1FF4 /* NetworkError.swift */,
			);
			path = "Helper&Extensions";
			sourceTree = "<group>";
		};
		23A95DE529D4913D00B6CEF0 = {
			isa = PBXGroup;
			children = (
				23A95DF029D4913D00B6CEF0 /* NewBrewer */,
				23A95DEF29D4913D00B6CEF0 /* Products */,
				23BD865729E472A700A14649 /* Frameworks */,
			);
			sourceTree = "<group>";
		};
		23A95DEF29D4913D00B6CEF0 /* Products */ = {
			isa = PBXGroup;
			children = (
				23A95DEE29D4913D00B6CEF0 /* NewBrewer.app */,
			);
			name = Products;
			sourceTree = "<group>";
		};
		23A95DF029D4913D00B6CEF0 /* NewBrewer */ = {
			isa = PBXGroup;
			children = (
				23FCBA0F29DCBE4A00043C74 /* Views */,
				239803CF29DB25C1001D1FF4 /* Model */,
				239803D429DB2654001D1FF4 /* Networking */,
				239803D529DB2684001D1FF4 /* Helper&Extensions */,
				239803CE29DB23FF001D1FF4 /* SupportingFiles */,
				23A95DF729D4913D00B6CEF0 /* Main.storyboard */,
				23A95DFC29D4913E00B6CEF0 /* LaunchScreen.storyboard */,
				23C84B3129DF5D6B00887146 /* GoogleService-Info.plist */,
			);
			path = NewBrewer;
			sourceTree = "<group>";
		};
		23BA627229DF5517001D1382 /* SignIn */ = {
			isa = PBXGroup;
			children = (
				23BD865029E469AE00A14649 /* SignInViewController.swift */,
				23BD864E29E464AE00A14649 /* SignInViewModel.swift */,
			);
			path = SignIn;
			sourceTree = "<group>";
		};
		23BD865229E469DB00A14649 /* CreateAccount */ = {
			isa = PBXGroup;
			children = (
				23BD865329E469F000A14649 /* CreateAccountViewController.swift */,
				23BD865529E469FD00A14649 /* CreateAccountViewModel.swift */,
			);
			path = CreateAccount;
			sourceTree = "<group>";
		};
		23BD865729E472A700A14649 /* Frameworks */ = {
			isa = PBXGroup;
			children = (
			);
			name = Frameworks;
			sourceTree = "<group>";
		};
		23BD865C29E4996200A14649 /* GlossaryView */ = {
			isa = PBXGroup;
			children = (
				23BD865D29E499B400A14649 /* GlossaryViewController.swift */,
			);
			path = GlossaryView;
			sourceTree = "<group>";
		};
		23BD865F29E49C5800A14649 /* CustomCells */ = {
			isa = PBXGroup;
			children = (
				23FCBA1329DCC4E200043C74 /* IngredientsTableViewCustomCell.swift */,
				23FCBA1529DCD30000043C74 /* IngredientsCollectionViewCustomCell.swift */,
			);
			path = CustomCells;
			sourceTree = "<group>";
		};
		23BD866029E4A0EC00A14649 /* FavoriteRecipes */ = {
			isa = PBXGroup;
			children = (
				23BD866129E4A12900A14649 /* FavoriteRecipesTableViewController.swift */,
			);
			path = FavoriteRecipes;
			sourceTree = "<group>";
		};
		23FCBA0F29DCBE4A00043C74 /* Views */ = {
			isa = PBXGroup;
			children = (
				23BD866029E4A0EC00A14649 /* FavoriteRecipes */,
				23BD865C29E4996200A14649 /* GlossaryView */,
				23BD865229E469DB00A14649 /* CreateAccount */,
				23BA627229DF5517001D1382 /* SignIn */,
				23FCBA1F29DF191300043C74 /* RandomBeer */,
				23FCBA1029DCBEC900043C74 /* BeerIngredients */,
				23FCBA1B29DE294B00043C74 /* SearchBeer */,
			);
			path = Views;
			sourceTree = "<group>";
		};
		23FCBA1029DCBEC900043C74 /* BeerIngredients */ = {
			isa = PBXGroup;
			children = (
				23FCBA1129DCBF1000043C74 /* BeerIngredientsView.swift */,
				23BD865F29E49C5800A14649 /* CustomCells */,
			);
			path = BeerIngredients;
			sourceTree = "<group>";
		};
		23FCBA1B29DE294B00043C74 /* SearchBeer */ = {
			isa = PBXGroup;
			children = (
				23FCBA1729DE095C00043C74 /* SearchBeerViewController.swift */,
				23FCBA1929DE0BD100043C74 /* SearchBeerViewModel.swift */,
				23FCBA1C29DE2A8200043C74 /* Custom Cell */,
			);
			path = SearchBeer;
			sourceTree = "<group>";
		};
		23FCBA1C29DE2A8200043C74 /* Custom Cell */ = {
			isa = PBXGroup;
			children = (
				23FCBA1D29DE2AAD00043C74 /* BeerListTableViewCell.swift */,
			);
			path = "Custom Cell";
			sourceTree = "<group>";
		};
		23FCBA1F29DF191300043C74 /* RandomBeer */ = {
			isa = PBXGroup;
			children = (
				23FCBA2029DF193E00043C74 /* RandomBeerViewController.swift */,
				23FCBA2229DF1EAA00043C74 /* RandomBeerViewModel.swift */,
			);
			path = RandomBeer;
			sourceTree = "<group>";
		};
/* End PBXGroup section */

/* Begin PBXNativeTarget section */
		23A95DED29D4913D00B6CEF0 /* NewBrewer */ = {
			isa = PBXNativeTarget;
			buildConfigurationList = 23A95E0229D4913E00B6CEF0 /* Build configuration list for PBXNativeTarget "NewBrewer" */;
			buildPhases = (
				23A95DEA29D4913D00B6CEF0 /* Sources */,
				23A95DEB29D4913D00B6CEF0 /* Frameworks */,
				23A95DEC29D4913D00B6CEF0 /* Resources */,
			);
			buildRules = (
			);
			dependencies = (
			);
			name = NewBrewer;
			packageProductDependencies = (
				23C84B3529DF5F7A00887146 /* FirebaseAuth */,
				23BD865829E472A700A14649 /* FirebaseFirestore */,
			);
			productName = NewBrewer;
			productReference = 23A95DEE29D4913D00B6CEF0 /* NewBrewer.app */;
			productType = "com.apple.product-type.application";
		};
/* End PBXNativeTarget section */

/* Begin PBXProject section */
		23A95DE629D4913D00B6CEF0 /* Project object */ = {
			isa = PBXProject;
			attributes = {
				BuildIndependentTargetsInParallel = 1;
				LastSwiftUpdateCheck = 1420;
				LastUpgradeCheck = 1420;
				TargetAttributes = {
					23A95DED29D4913D00B6CEF0 = {
						CreatedOnToolsVersion = 14.2;
					};
				};
			};
			buildConfigurationList = 23A95DE929D4913D00B6CEF0 /* Build configuration list for PBXProject "NewBrewer" */;
			compatibilityVersion = "Xcode 14.0";
			developmentRegion = en;
			hasScannedForEncodings = 0;
			knownRegions = (
				en,
				Base,
			);
			mainGroup = 23A95DE529D4913D00B6CEF0;
			packageReferences = (
				23C84B3429DF5F7A00887146 /* XCRemoteSwiftPackageReference "firebase-ios-sdk" */,
			);
			productRefGroup = 23A95DEF29D4913D00B6CEF0 /* Products */;
			projectDirPath = "";
			projectRoot = "";
			targets = (
				23A95DED29D4913D00B6CEF0 /* NewBrewer */,
			);
		};
/* End PBXProject section */

/* Begin PBXResourcesBuildPhase section */
		23A95DEC29D4913D00B6CEF0 /* Resources */ = {
			isa = PBXResourcesBuildPhase;
			buildActionMask = 2147483647;
			files = (
				23A95DFE29D4913E00B6CEF0 /* LaunchScreen.storyboard in Resources */,
				23C84B3229DF5D6B00887146 /* GoogleService-Info.plist in Resources */,
				23A95DFB29D4913E00B6CEF0 /* Assets.xcassets in Resources */,
				23A95DF929D4913D00B6CEF0 /* Main.storyboard in Resources */,
			);
			runOnlyForDeploymentPostprocessing = 0;
		};
/* End PBXResourcesBuildPhase section */

/* Begin PBXSourcesBuildPhase section */
		23A95DEA29D4913D00B6CEF0 /* Sources */ = {
			isa = PBXSourcesBuildPhase;
			buildActionMask = 2147483647;
			files = (
				239803D729DB2695001D1FF4 /* Constants.swift in Sources */,
				23FCBA2129DF193E00043C74 /* RandomBeerViewController.swift in Sources */,
				23FCBA2529DF252800043C74 /* ServiceRequestingImageView.swift in Sources */,
				23A1495129E5C43300532E00 /* BeerToSave.swift in Sources */,
				23FCBA1229DCBF1000043C74 /* BeerIngredientsView.swift in Sources */,
				23BD864F29E464AE00A14649 /* SignInViewModel.swift in Sources */,
				239803D329DB2650001D1FF4 /* BeerSearchDataProvider.swift in Sources */,
				23FCBA2329DF1EAA00043C74 /* RandomBeerViewModel.swift in Sources */,
				23BD866229E4A12900A14649 /* FavoriteRecipesTableViewController.swift in Sources */,
				23A95DF229D4913D00B6CEF0 /* AppDelegate.swift in Sources */,
				23FCBA1429DCC4E200043C74 /* IngredientsTableViewCustomCell.swift in Sources */,
				23BD866429E4A37800A14649 /* FirebaseService.swift in Sources */,
				23BD865E29E499B400A14649 /* GlossaryViewController.swift in Sources */,
				239803D929DB27B0001D1FF4 /* NetworkError.swift in Sources */,
				23FCBA1829DE095C00043C74 /* SearchBeerViewController.swift in Sources */,
				23BD865429E469F000A14649 /* CreateAccountViewController.swift in Sources */,
				23FCBA1629DCD30000043C74 /* IngredientsCollectionViewCustomCell.swift in Sources */,
				23FCBA1E29DE2AAD00043C74 /* BeerListTableViewCell.swift in Sources */,
				23FCBA1A29DE0BD100043C74 /* SearchBeerViewModel.swift in Sources */,
				23BD865129E469AE00A14649 /* SignInViewController.swift in Sources */,
				23BD865629E469FD00A14649 /* CreateAccountViewModel.swift in Sources */,
				23FCBA0E29DC795D00043C74 /* API Service.swift in Sources */,
				239803D129DB25D4001D1FF4 /* Beer.swift in Sources */,
				23A95DF429D4913D00B6CEF0 /* SceneDelegate.swift in Sources */,
			);
			runOnlyForDeploymentPostprocessing = 0;
		};
/* End PBXSourcesBuildPhase section */

/* Begin PBXVariantGroup section */
		23A95DF729D4913D00B6CEF0 /* Main.storyboard */ = {
			isa = PBXVariantGroup;
			children = (
				23A95DF829D4913D00B6CEF0 /* Base */,
			);
			name = Main.storyboard;
			sourceTree = "<group>";
		};
		23A95DFC29D4913E00B6CEF0 /* LaunchScreen.storyboard */ = {
			isa = PBXVariantGroup;
			children = (
				23A95DFD29D4913E00B6CEF0 /* Base */,
			);
			name = LaunchScreen.storyboard;
			sourceTree = "<group>";
		};
/* End PBXVariantGroup section */

/* Begin XCBuildConfiguration section */
		23A95E0029D4913E00B6CEF0 /* Debug */ = {
			isa = XCBuildConfiguration;
			buildSettings = {
				ALWAYS_SEARCH_USER_PATHS = NO;
				CLANG_ANALYZER_NONNULL = YES;
				CLANG_ANALYZER_NUMBER_OBJECT_CONVERSION = YES_AGGRESSIVE;
				CLANG_CXX_LANGUAGE_STANDARD = "gnu++20";
				CLANG_ENABLE_MODULES = YES;
				CLANG_ENABLE_OBJC_ARC = YES;
				CLANG_ENABLE_OBJC_WEAK = YES;
				CLANG_WARN_BLOCK_CAPTURE_AUTORELEASING = YES;
				CLANG_WARN_BOOL_CONVERSION = YES;
				CLANG_WARN_COMMA = YES;
				CLANG_WARN_CONSTANT_CONVERSION = YES;
				CLANG_WARN_DEPRECATED_OBJC_IMPLEMENTATIONS = YES;
				CLANG_WARN_DIRECT_OBJC_ISA_USAGE = YES_ERROR;
				CLANG_WARN_DOCUMENTATION_COMMENTS = YES;
				CLANG_WARN_EMPTY_BODY = YES;
				CLANG_WARN_ENUM_CONVERSION = YES;
				CLANG_WARN_INFINITE_RECURSION = YES;
				CLANG_WARN_INT_CONVERSION = YES;
				CLANG_WARN_NON_LITERAL_NULL_CONVERSION = YES;
				CLANG_WARN_OBJC_IMPLICIT_RETAIN_SELF = YES;
				CLANG_WARN_OBJC_LITERAL_CONVERSION = YES;
				CLANG_WARN_OBJC_ROOT_CLASS = YES_ERROR;
				CLANG_WARN_QUOTED_INCLUDE_IN_FRAMEWORK_HEADER = YES;
				CLANG_WARN_RANGE_LOOP_ANALYSIS = YES;
				CLANG_WARN_STRICT_PROTOTYPES = YES;
				CLANG_WARN_SUSPICIOUS_MOVE = YES;
				CLANG_WARN_UNGUARDED_AVAILABILITY = YES_AGGRESSIVE;
				CLANG_WARN_UNREACHABLE_CODE = YES;
				CLANG_WARN__DUPLICATE_METHOD_MATCH = YES;
				COPY_PHASE_STRIP = NO;
				DEBUG_INFORMATION_FORMAT = dwarf;
				ENABLE_STRICT_OBJC_MSGSEND = YES;
				ENABLE_TESTABILITY = YES;
				GCC_C_LANGUAGE_STANDARD = gnu11;
				GCC_DYNAMIC_NO_PIC = NO;
				GCC_NO_COMMON_BLOCKS = YES;
				GCC_OPTIMIZATION_LEVEL = 0;
				GCC_PREPROCESSOR_DEFINITIONS = (
					"DEBUG=1",
					"$(inherited)",
				);
				GCC_WARN_64_TO_32_BIT_CONVERSION = YES;
				GCC_WARN_ABOUT_RETURN_TYPE = YES_ERROR;
				GCC_WARN_UNDECLARED_SELECTOR = YES;
				GCC_WARN_UNINITIALIZED_AUTOS = YES_AGGRESSIVE;
				GCC_WARN_UNUSED_FUNCTION = YES;
				GCC_WARN_UNUSED_VARIABLE = YES;
				IPHONEOS_DEPLOYMENT_TARGET = 16.2;
				MTL_ENABLE_DEBUG_INFO = INCLUDE_SOURCE;
				MTL_FAST_MATH = YES;
				ONLY_ACTIVE_ARCH = YES;
				SDKROOT = iphoneos;
				SWIFT_ACTIVE_COMPILATION_CONDITIONS = DEBUG;
				SWIFT_OPTIMIZATION_LEVEL = "-Onone";
			};
			name = Debug;
		};
		23A95E0129D4913E00B6CEF0 /* Release */ = {
			isa = XCBuildConfiguration;
			buildSettings = {
				ALWAYS_SEARCH_USER_PATHS = NO;
				CLANG_ANALYZER_NONNULL = YES;
				CLANG_ANALYZER_NUMBER_OBJECT_CONVERSION = YES_AGGRESSIVE;
				CLANG_CXX_LANGUAGE_STANDARD = "gnu++20";
				CLANG_ENABLE_MODULES = YES;
				CLANG_ENABLE_OBJC_ARC = YES;
				CLANG_ENABLE_OBJC_WEAK = YES;
				CLANG_WARN_BLOCK_CAPTURE_AUTORELEASING = YES;
				CLANG_WARN_BOOL_CONVERSION = YES;
				CLANG_WARN_COMMA = YES;
				CLANG_WARN_CONSTANT_CONVERSION = YES;
				CLANG_WARN_DEPRECATED_OBJC_IMPLEMENTATIONS = YES;
				CLANG_WARN_DIRECT_OBJC_ISA_USAGE = YES_ERROR;
				CLANG_WARN_DOCUMENTATION_COMMENTS = YES;
				CLANG_WARN_EMPTY_BODY = YES;
				CLANG_WARN_ENUM_CONVERSION = YES;
				CLANG_WARN_INFINITE_RECURSION = YES;
				CLANG_WARN_INT_CONVERSION = YES;
				CLANG_WARN_NON_LITERAL_NULL_CONVERSION = YES;
				CLANG_WARN_OBJC_IMPLICIT_RETAIN_SELF = YES;
				CLANG_WARN_OBJC_LITERAL_CONVERSION = YES;
				CLANG_WARN_OBJC_ROOT_CLASS = YES_ERROR;
				CLANG_WARN_QUOTED_INCLUDE_IN_FRAMEWORK_HEADER = YES;
				CLANG_WARN_RANGE_LOOP_ANALYSIS = YES;
				CLANG_WARN_STRICT_PROTOTYPES = YES;
				CLANG_WARN_SUSPICIOUS_MOVE = YES;
				CLANG_WARN_UNGUARDED_AVAILABILITY = YES_AGGRESSIVE;
				CLANG_WARN_UNREACHABLE_CODE = YES;
				CLANG_WARN__DUPLICATE_METHOD_MATCH = YES;
				COPY_PHASE_STRIP = NO;
				DEBUG_INFORMATION_FORMAT = "dwarf-with-dsym";
				ENABLE_NS_ASSERTIONS = NO;
				ENABLE_STRICT_OBJC_MSGSEND = YES;
				GCC_C_LANGUAGE_STANDARD = gnu11;
				GCC_NO_COMMON_BLOCKS = YES;
				GCC_WARN_64_TO_32_BIT_CONVERSION = YES;
				GCC_WARN_ABOUT_RETURN_TYPE = YES_ERROR;
				GCC_WARN_UNDECLARED_SELECTOR = YES;
				GCC_WARN_UNINITIALIZED_AUTOS = YES_AGGRESSIVE;
				GCC_WARN_UNUSED_FUNCTION = YES;
				GCC_WARN_UNUSED_VARIABLE = YES;
				IPHONEOS_DEPLOYMENT_TARGET = 16.2;
				MTL_ENABLE_DEBUG_INFO = NO;
				MTL_FAST_MATH = YES;
				SDKROOT = iphoneos;
				SWIFT_COMPILATION_MODE = wholemodule;
				SWIFT_OPTIMIZATION_LEVEL = "-O";
				VALIDATE_PRODUCT = YES;
			};
			name = Release;
		};
		23A95E0329D4913E00B6CEF0 /* Debug */ = {
			isa = XCBuildConfiguration;
			buildSettings = {
				ASSETCATALOG_COMPILER_APPICON_NAME = AppIcon;
				ASSETCATALOG_COMPILER_GLOBAL_ACCENT_COLOR_NAME = AccentColor;
				CODE_SIGN_STYLE = Automatic;
				CURRENT_PROJECT_VERSION = 1;
				GENERATE_INFOPLIST_FILE = YES;
				INFOPLIST_FILE = NewBrewer/SupportingFiles/Info.plist;
				INFOPLIST_KEY_UIApplicationSupportsIndirectInputEvents = YES;
				INFOPLIST_KEY_UILaunchStoryboardName = LaunchScreen;
				INFOPLIST_KEY_UIMainStoryboardFile = Main;
				INFOPLIST_KEY_UISupportedInterfaceOrientations_iPad = "UIInterfaceOrientationPortrait UIInterfaceOrientationPortraitUpsideDown UIInterfaceOrientationLandscapeLeft UIInterfaceOrientationLandscapeRight";
				INFOPLIST_KEY_UISupportedInterfaceOrientations_iPhone = "UIInterfaceOrientationPortrait UIInterfaceOrientationLandscapeLeft UIInterfaceOrientationLandscapeRight";
				LD_RUNPATH_SEARCH_PATHS = (
					"$(inherited)",
					"@executable_path/Frameworks",
				);
				MARKETING_VERSION = 1.0;
				PRODUCT_BUNDLE_IDENTIFIER = dotGlo.NewBrewer;
				PRODUCT_NAME = "$(TARGET_NAME)";
				SWIFT_EMIT_LOC_STRINGS = YES;
				SWIFT_VERSION = 5.0;
				TARGETED_DEVICE_FAMILY = "1,2";
			};
			name = Debug;
		};
		23A95E0429D4913E00B6CEF0 /* Release */ = {
			isa = XCBuildConfiguration;
			buildSettings = {
				ASSETCATALOG_COMPILER_APPICON_NAME = AppIcon;
				ASSETCATALOG_COMPILER_GLOBAL_ACCENT_COLOR_NAME = AccentColor;
				CODE_SIGN_STYLE = Automatic;
				CURRENT_PROJECT_VERSION = 1;
				GENERATE_INFOPLIST_FILE = YES;
				INFOPLIST_FILE = NewBrewer/SupportingFiles/Info.plist;
				INFOPLIST_KEY_UIApplicationSupportsIndirectInputEvents = YES;
				INFOPLIST_KEY_UILaunchStoryboardName = LaunchScreen;
				INFOPLIST_KEY_UIMainStoryboardFile = Main;
				INFOPLIST_KEY_UISupportedInterfaceOrientations_iPad = "UIInterfaceOrientationPortrait UIInterfaceOrientationPortraitUpsideDown UIInterfaceOrientationLandscapeLeft UIInterfaceOrientationLandscapeRight";
				INFOPLIST_KEY_UISupportedInterfaceOrientations_iPhone = "UIInterfaceOrientationPortrait UIInterfaceOrientationLandscapeLeft UIInterfaceOrientationLandscapeRight";
				LD_RUNPATH_SEARCH_PATHS = (
					"$(inherited)",
					"@executable_path/Frameworks",
				);
				MARKETING_VERSION = 1.0;
				PRODUCT_BUNDLE_IDENTIFIER = dotGlo.NewBrewer;
				PRODUCT_NAME = "$(TARGET_NAME)";
				SWIFT_EMIT_LOC_STRINGS = YES;
				SWIFT_VERSION = 5.0;
				TARGETED_DEVICE_FAMILY = "1,2";
			};
			name = Release;
		};
/* End XCBuildConfiguration section */

/* Begin XCConfigurationList section */
		23A95DE929D4913D00B6CEF0 /* Build configuration list for PBXProject "NewBrewer" */ = {
			isa = XCConfigurationList;
			buildConfigurations = (
				23A95E0029D4913E00B6CEF0 /* Debug */,
				23A95E0129D4913E00B6CEF0 /* Release */,
			);
			defaultConfigurationIsVisible = 0;
			defaultConfigurationName = Release;
		};
		23A95E0229D4913E00B6CEF0 /* Build configuration list for PBXNativeTarget "NewBrewer" */ = {
			isa = XCConfigurationList;
			buildConfigurations = (
				23A95E0329D4913E00B6CEF0 /* Debug */,
				23A95E0429D4913E00B6CEF0 /* Release */,
			);
			defaultConfigurationIsVisible = 0;
			defaultConfigurationName = Release;
		};
/* End XCConfigurationList section */

/* Begin XCRemoteSwiftPackageReference section */
		23C84B3429DF5F7A00887146 /* XCRemoteSwiftPackageReference "firebase-ios-sdk" */ = {
			isa = XCRemoteSwiftPackageReference;
			repositoryURL = "https://github.com/firebase/firebase-ios-sdk";
			requirement = {
				kind = upToNextMajorVersion;
				minimumVersion = 9.0.0;
			};
		};
/* End XCRemoteSwiftPackageReference section */

/* Begin XCSwiftPackageProductDependency section */
		23BD865829E472A700A14649 /* FirebaseFirestore */ = {
			isa = XCSwiftPackageProductDependency;
			package = 23C84B3429DF5F7A00887146 /* XCRemoteSwiftPackageReference "firebase-ios-sdk" */;
			productName = FirebaseFirestore;
		};
		23C84B3529DF5F7A00887146 /* FirebaseAuth */ = {
			isa = XCSwiftPackageProductDependency;
			package = 23C84B3429DF5F7A00887146 /* XCRemoteSwiftPackageReference "firebase-ios-sdk" */;
			productName = FirebaseAuth;
		};
/* End XCSwiftPackageProductDependency section */
	};
	rootObject = 23A95DE629D4913D00B6CEF0 /* Project object */;
}
